
Microsoft Visual Studio Solution File, Format Version 12.00
# Visual Studio 15
VisualStudioVersion = 15.0.27703.2026
MinimumVisualStudioVersion = 10.0.40219.1
Project("{FAE04EC0-301F-11D3-BF4B-00C04F79EFBC}") = "añoBisiesto", "añoBisiesto\añoBisiesto.csproj", "{6B3580C6-93CA-49DE-A4A6-208E27F22F52}"
EndProject
Global
	GlobalSection(SolutionConfigurationPlatforms) = preSolution
		Debug|Any CPU = Debug|Any CPU
		Release|Any CPU = Release|Any CPU
	EndGlobalSection
	GlobalSection(ProjectConfigurationPlatforms) = postSolution
		{6B3580C6-93CA-49DE-A4A6-208E27F22F52}.Debug|Any CPU.ActiveCfg = Debug|Any CPU
		{6B3580C6-93CA-49DE-A4A6-208E27F22F52}.Debug|Any CPU.Build.0 = Debug|Any CPU
		{6B3580C6-93CA-49DE-A4A6-208E27F22F52}.Release|Any CPU.ActiveCfg = Release|Any CPU
		{6B3580C6-93CA-49DE-A4A6-208E27F22F52}.Release|Any CPU.Build.0 = Release|Any CPU
	EndGlobalSection
	GlobalSection(SolutionProperties) = preSolution
		HideSolutionNode = FALSE
	EndGlobalSection
	GlobalSection(ExtensibilityGlobals) = postSolution
		SolutionGuid = {207A0E6E-572A-4D18-99CB-719D9A60E847}
	EndGlobalSection
EndGlobal
